// !$*UTF8*$!
{
	archiveVersion = 1;
	classes = {
	};
	objectVersion = 46;
	objects = {

/* Begin PBXBuildFile section */
		6012E23018E37898002D63CC /* Foundation.framework in Frameworks */ = {isa = PBXBuildFile; fileRef = 6012E22F18E37898002D63CC /* Foundation.framework */; };
		6012E23218E37898002D63CC /* CoreGraphics.framework in Frameworks */ = {isa = PBXBuildFile; fileRef = 6012E23118E37898002D63CC /* CoreGraphics.framework */; };
		6012E23418E37898002D63CC /* UIKit.framework in Frameworks */ = {isa = PBXBuildFile; fileRef = 6012E23318E37898002D63CC /* UIKit.framework */; };
		6012E23A18E37898002D63CC /* InfoPlist.strings in Resources */ = {isa = PBXBuildFile; fileRef = 6012E23818E37898002D63CC /* InfoPlist.strings */; };
		6012E23C18E37898002D63CC /* main.m in Sources */ = {isa = PBXBuildFile; fileRef = 6012E23B18E37898002D63CC /* main.m */; };
		6012E24018E37898002D63CC /* AppDelegate.m in Sources */ = {isa = PBXBuildFile; fileRef = 6012E23F18E37898002D63CC /* AppDelegate.m */; };
		6012E24218E37898002D63CC /* Images.xcassets in Resources */ = {isa = PBXBuildFile; fileRef = 6012E24118E37898002D63CC /* Images.xcassets */; };
		6012E24918E37898002D63CC /* XCTest.framework in Frameworks */ = {isa = PBXBuildFile; fileRef = 6012E24818E37898002D63CC /* XCTest.framework */; };
		6012E24A18E37898002D63CC /* Foundation.framework in Frameworks */ = {isa = PBXBuildFile; fileRef = 6012E22F18E37898002D63CC /* Foundation.framework */; };
		6012E24B18E37898002D63CC /* UIKit.framework in Frameworks */ = {isa = PBXBuildFile; fileRef = 6012E23318E37898002D63CC /* UIKit.framework */; };
		6012E25318E37899002D63CC /* InfoPlist.strings in Resources */ = {isa = PBXBuildFile; fileRef = 6012E25118E37899002D63CC /* InfoPlist.strings */; };
		6012E25518E37899002D63CC /* _15_BitsTestTests.m in Sources */ = {isa = PBXBuildFile; fileRef = 6012E25418E37899002D63CC /* _15_BitsTestTests.m */; };
		6012E26018E378AE002D63CC /* GRStudent.m in Sources */ = {isa = PBXBuildFile; fileRef = 6012E25F18E378AE002D63CC /* GRStudent.m */; };
/* End PBXBuildFile section */

/* Begin PBXContainerItemProxy section */
		6012E24C18E37898002D63CC /* PBXContainerItemProxy */ = {
			isa = PBXContainerItemProxy;
			containerPortal = 6012E22418E37898002D63CC /* Project object */;
			proxyType = 1;
			remoteGlobalIDString = 6012E22B18E37898002D63CC;
			remoteInfo = _15_BitsTest;
		};
/* End PBXContainerItemProxy section */

/* Begin PBXFileReference section */
		6012E22C18E37898002D63CC /* _15_BitsTest.app */ = {isa = PBXFileReference; explicitFileType = wrapper.application; includeInIndex = 0; path = _15_BitsTest.app; sourceTree = BUILT_PRODUCTS_DIR; };
		6012E22F18E37898002D63CC /* Foundation.framework */ = {isa = PBXFileReference; lastKnownFileType = wrapper.framework; name = Foundation.framework; path = System/Library/Frameworks/Foundation.framework; sourceTree = SDKROOT; };
		6012E23118E37898002D63CC /* CoreGraphics.framework */ = {isa = PBXFileReference; lastKnownFileType = wrapper.framework; name = CoreGraphics.framework; path = System/Library/Frameworks/CoreGraphics.framework; sourceTree = SDKROOT; };
		6012E23318E37898002D63CC /* UIKit.framework */ = {isa = PBXFileReference; lastKnownFileType = wrapper.framework; name = UIKit.framework; path = System/Library/Frameworks/UIKit.framework; sourceTree = SDKROOT; };
		6012E23718E37898002D63CC /* _15_BitsTest-Info.plist */ = {isa = PBXFileReference; lastKnownFileType = text.plist.xml; path = "_15_BitsTest-Info.plist"; sourceTree = "<group>"; };
		6012E23918E37898002D63CC /* en */ = {isa = PBXFileReference; lastKnownFileType = text.plist.strings; name = en; path = en.lproj/InfoPlist.strings; sourceTree = "<group>"; };
		6012E23B18E37898002D63CC /* main.m */ = {isa = PBXFileReference; lastKnownFileType = sourcecode.c.objc; path = main.m; sourceTree = "<group>"; };
		6012E23D18E37898002D63CC /* _15_BitsTest-Prefix.pch */ = {isa = PBXFileReference; lastKnownFileType = sourcecode.c.h; path = "_15_BitsTest-Prefix.pch"; sourceTree = "<group>"; };
		6012E23E18E37898002D63CC /* AppDelegate.h */ = {isa = PBXFileReference; lastKnownFileType = sourcecode.c.h; path = AppDelegate.h; sourceTree = "<group>"; };
		6012E23F18E37898002D63CC /* AppDelegate.m */ = {isa = PBXFileReference; lastKnownFileType = sourcecode.c.objc; path = AppDelegate.m; sourceTree = "<group>"; };
		6012E24118E37898002D63CC /* Images.xcassets */ = {isa = PBXFileReference; lastKnownFileType = folder.assetcatalog; path = Images.xcassets; sourceTree = "<group>"; };
		6012E24718E37898002D63CC /* _15_BitsTestTests.xctest */ = {isa = PBXFileReference; explicitFileType = wrapper.cfbundle; includeInIndex = 0; path = _15_BitsTestTests.xctest; sourceTree = BUILT_PRODUCTS_DIR; };
		6012E24818E37898002D63CC /* XCTest.framework */ = {isa = PBXFileReference; lastKnownFileType = wrapper.framework; name = XCTest.framework; path = Library/Frameworks/XCTest.framework; sourceTree = DEVELOPER_DIR; };
		6012E25018E37899002D63CC /* _15_BitsTestTests-Info.plist */ = {isa = PBXFileReference; lastKnownFileType = text.plist.xml; path = "_15_BitsTestTests-Info.plist"; sourceTree = "<group>"; };
		6012E25218E37899002D63CC /* en */ = {isa = PBXFileReference; lastKnownFileType = text.plist.strings; name = en; path = en.lproj/InfoPlist.strings; sourceTree = "<group>"; };
		6012E25418E37899002D63CC /* _15_BitsTestTests.m */ = {isa = PBXFileReference; lastKnownFileType = sourcecode.c.objc; path = _15_BitsTestTests.m; sourceTree = "<group>"; };
		6012E25E18E378AE002D63CC /* GRStudent.h */ = {isa = PBXFileReference; fileEncoding = 4; lastKnownFileType = sourcecode.c.h; path = GRStudent.h; sourceTree = "<group>"; };
		6012E25F18E378AE002D63CC /* GRStudent.m */ = {isa = PBXFileReference; fileEncoding = 4; lastKnownFileType = sourcecode.c.objc; path = GRStudent.m; sourceTree = "<group>"; };
/* End PBXFileReference section */

/* Begin PBXFrameworksBuildPhase section */
		6012E22918E37898002D63CC /* Frameworks */ = {
			isa = PBXFrameworksBuildPhase;
			buildActionMask = 2147483647;
			files = (
				6012E23218E37898002D63CC /* CoreGraphics.framework in Frameworks */,
				6012E23418E37898002D63CC /* UIKit.framework in Frameworks */,
				6012E23018E37898002D63CC /* Foundation.framework in Frameworks */,
			);
			runOnlyForDeploymentPostprocessing = 0;
		};
		6012E24418E37898002D63CC /* Frameworks */ = {
			isa = PBXFrameworksBuildPhase;
			buildActionMask = 2147483647;
			files = (
				6012E24918E37898002D63CC /* XCTest.framework in Frameworks */,
				6012E24B18E37898002D63CC /* UIKit.framework in Frameworks */,
				6012E24A18E37898002D63CC /* Foundation.framework in Frameworks */,
			);
			runOnlyForDeploymentPostprocessing = 0;
		};
/* End PBXFrameworksBuildPhase section */

/* Begin PBXGroup section */
		6012E22318E37898002D63CC = {
			isa = PBXGroup;
			children = (
				6012E23518E37898002D63CC /* _15_BitsTest */,
				6012E24E18E37898002D63CC /* _15_BitsTestTests */,
				6012E22E18E37898002D63CC /* Frameworks */,
				6012E22D18E37898002D63CC /* Products */,
			);
			sourceTree = "<group>";
		};
		6012E22D18E37898002D63CC /* Products */ = {
			isa = PBXGroup;
			children = (
				6012E22C18E37898002D63CC /* _15_BitsTest.app */,
				6012E24718E37898002D63CC /* _15_BitsTestTests.xctest */,
			);
			name = Products;
			sourceTree = "<group>";
		};
		6012E22E18E37898002D63CC /* Frameworks */ = {
			isa = PBXGroup;
			children = (
				6012E22F18E37898002D63CC /* Foundation.framework */,
				6012E23118E37898002D63CC /* CoreGraphics.framework */,
				6012E23318E37898002D63CC /* UIKit.framework */,
				6012E24818E37898002D63CC /* XCTest.framework */,
			);
			name = Frameworks;
			sourceTree = "<group>";
		};
		6012E23518E37898002D63CC /* _15_BitsTest */ = {
			isa = PBXGroup;
			children = (
				6012E25E18E378AE002D63CC /* GRStudent.h */,
				6012E25F18E378AE002D63CC /* GRStudent.m */,
				6012E23E18E37898002D63CC /* AppDelegate.h */,
				6012E23F18E37898002D63CC /* AppDelegate.m */,
				6012E24118E37898002D63CC /* Images.xcassets */,
				6012E23618E37898002D63CC /* Supporting Files */,
			);
			path = _15_BitsTest;
			sourceTree = "<group>";
		};
		6012E23618E37898002D63CC /* Supporting Files */ = {
			isa = PBXGroup;
			children = (
				6012E23718E37898002D63CC /* _15_BitsTest-Info.plist */,
				6012E23818E37898002D63CC /* InfoPlist.strings */,
				6012E23B18E37898002D63CC /* main.m */,
				6012E23D18E37898002D63CC /* _15_BitsTest-Prefix.pch */,
			);
			name = "Supporting Files";
			sourceTree = "<group>";
		};
		6012E24E18E37898002D63CC /* _15_BitsTestTests */ = {
			isa = PBXGroup;
			children = (
				6012E25418E37899002D63CC /* _15_BitsTestTests.m */,
				6012E24F18E37899002D63CC /* Supporting Files */,
			);
			path = _15_BitsTestTests;
			sourceTree = "<group>";
		};
		6012E24F18E37899002D63CC /* Supporting Files */ = {
			isa = PBXGroup;
			children = (
				6012E25018E37899002D63CC /* _15_BitsTestTests-Info.plist */,
				6012E25118E37899002D63CC /* InfoPlist.strings */,
			);
			name = "Supporting Files";
			sourceTree = "<group>";
		};
/* End PBXGroup section */

/* Begin PBXNativeTarget section */
		6012E22B18E37898002D63CC /* _15_BitsTest */ = {
			isa = PBXNativeTarget;
			buildConfigurationList = 6012E25818E37899002D63CC /* Build configuration list for PBXNativeTarget "_15_BitsTest" */;
			buildPhases = (
				6012E22818E37898002D63CC /* Sources */,
				6012E22918E37898002D63CC /* Frameworks */,
				6012E22A18E37898002D63CC /* Resources */,
			);
			buildRules = (
			);
			dependencies = (
			);
			name = _15_BitsTest;
			productName = _15_BitsTest;
			productReference = 6012E22C18E37898002D63CC /* _15_BitsTest.app */;
			productType = "com.apple.product-type.application";
		};
		6012E24618E37898002D63CC /* _15_BitsTestTests */ = {
			isa = PBXNativeTarget;
			buildConfigurationList = 6012E25B18E37899002D63CC /* Build configuration list for PBXNativeTarget "_15_BitsTestTests" */;
			buildPhases = (
				6012E24318E37898002D63CC /* Sources */,
				6012E24418E37898002D63CC /* Frameworks */,
				6012E24518E37898002D63CC /* Resources */,
			);
			buildRules = (
			);
			dependencies = (
				6012E24D18E37898002D63CC /* PBXTargetDependency */,
			);
			name = _15_BitsTestTests;
			productName = _15_BitsTestTests;
			productReference = 6012E24718E37898002D63CC /* _15_BitsTestTests.xctest */;
			productType = "com.apple.product-type.bundle.unit-test";
		};
/* End PBXNativeTarget section */

/* Begin PBXProject section */
		6012E22418E37898002D63CC /* Project object */ = {
			isa = PBXProject;
			attributes = {
				LastUpgradeCheck = 0510;
				ORGANIZATIONNAME = Evgenia;
				TargetAttributes = {
					6012E24618E37898002D63CC = {
						TestTargetID = 6012E22B18E37898002D63CC;
					};
				};
			};
			buildConfigurationList = 6012E22718E37898002D63CC /* Build configuration list for PBXProject "_15_BitsTest" */;
			compatibilityVersion = "Xcode 3.2";
			developmentRegion = English;
			hasScannedForEncodings = 0;
			knownRegions = (
				en,
			);
			mainGroup = 6012E22318E37898002D63CC;
			productRefGroup = 6012E22D18E37898002D63CC /* Products */;
			projectDirPath = "";
			projectRoot = "";
			targets = (
				6012E22B18E37898002D63CC /* _15_BitsTest */,
				6012E24618E37898002D63CC /* _15_BitsTestTests */,
			);
		};
/* End PBXProject section */

/* Begin PBXResourcesBuildPhase section */
		6012E22A18E37898002D63CC /* Resources */ = {
			isa = PBXResourcesBuildPhase;
			buildActionMask = 2147483647;
			files = (
				6012E23A18E37898002D63CC /* InfoPlist.strings in Resources */,
				6012E24218E37898002D63CC /* Images.xcassets in Resources */,
			);
			runOnlyForDeploymentPostprocessing = 0;
		};
		6012E24518E37898002D63CC /* Resources */ = {
			isa = PBXResourcesBuildPhase;
			buildActionMask = 2147483647;
			files = (
				6012E25318E37899002D63CC /* InfoPlist.strings in Resources */,
			);
			runOnlyForDeploymentPostprocessing = 0;
		};
/* End PBXResourcesBuildPhase section */

/* Begin PBXSourcesBuildPhase section */
		6012E22818E37898002D63CC /* Sources */ = {
			isa = PBXSourcesBuildPhase;
			buildActionMask = 2147483647;
			files = (
				6012E26018E378AE002D63CC /* GRStudent.m in Sources */,
				6012E24018E37898002D63CC /* AppDelegate.m in Sources */,
				6012E23C18E37898002D63CC /* main.m in Sources */,
			);
			runOnlyForDeploymentPostprocessing = 0;
		};
		6012E24318E37898002D63CC /* Sources */ = {
			isa = PBXSourcesBuildPhase;
			buildActionMask = 2147483647;
			files = (
				6012E25518E37899002D63CC /* _15_BitsTestTests.m in Sources */,
			);
			runOnlyForDeploymentPostprocessing = 0;
		};
/* End PBXSourcesBuildPhase section */

/* Begin PBXTargetDependency section */
		6012E24D18E37898002D63CC /* PBXTargetDependency */ = {
			isa = PBXTargetDependency;
			target = 6012E22B18E37898002D63CC /* _15_BitsTest */;
			targetProxy = 6012E24C18E37898002D63CC /* PBXContainerItemProxy */;
		};
/* End PBXTargetDependency section */

/* Begin PBXVariantGroup section */
		6012E23818E37898002D63CC /* InfoPlist.strings */ = {
			isa = PBXVariantGroup;
			children = (
				6012E23918E37898002D63CC /* en */,
			);
			name = InfoPlist.strings;
			sourceTree = "<group>";
		};
		6012E25118E37899002D63CC /* InfoPlist.strings */ = {
			isa = PBXVariantGroup;
			children = (
				6012E25218E37899002D63CC /* en */,
			);
			name = InfoPlist.strings;
			sourceTree = "<group>";
		};
/* End PBXVariantGroup section */

/* Begin XCBuildConfiguration section */
		6012E25618E37899002D63CC /* Debug */ = {
			isa = XCBuildConfiguration;
			buildSettings = {
				ALWAYS_SEARCH_USER_PATHS = NO;
				CLANG_CXX_LANGUAGE_STANDARD = "gnu++0x";
				CLANG_CXX_LIBRARY = "libc++";
				CLANG_ENABLE_MODULES = YES;
				CLANG_ENABLE_OBJC_ARC = YES;
				CLANG_WARN_BOOL_CONVERSION = YES;
				CLANG_WARN_CONSTANT_CONVERSION = YES;
				CLANG_WARN_DIRECT_OBJC_ISA_USAGE = YES_ERROR;
				CLANG_WARN_EMPTY_BODY = YES;
				CLANG_WARN_ENUM_CONVERSION = YES;
				CLANG_WARN_INT_CONVERSION = YES;
				CLANG_WARN_OBJC_ROOT_CLASS = YES_ERROR;
				CLANG_WARN__DUPLICATE_METHOD_MATCH = YES;
				"CODE_SIGN_IDENTITY[sdk=iphoneos*]" = "iPhone Developer";
				COPY_PHASE_STRIP = NO;
				GCC_C_LANGUAGE_STANDARD = gnu99;
				GCC_DYNAMIC_NO_PIC = NO;
				GCC_OPTIMIZATION_LEVEL = 0;
				GCC_PREPROCESSOR_DEFINITIONS = (
					"DEBUG=1",
					"$(inherited)",
				);
				GCC_SYMBOLS_PRIVATE_EXTERN = NO;
				GCC_WARN_64_TO_32_BIT_CONVERSION = YES;
				GCC_WARN_ABOUT_RETURN_TYPE = YES_ERROR;
				GCC_WARN_UNDECLARED_SELECTOR = YES;
				GCC_WARN_UNINITIALIZED_AUTOS = YES_AGGRESSIVE;
				GCC_WARN_UNUSED_FUNCTION = YES;
				GCC_WARN_UNUSED_VARIABLE = YES;
				IPHONEOS_DEPLOYMENT_TARGET = 7.1;
				ONLY_ACTIVE_ARCH = YES;
				SDKROOT = iphoneos;
			};
			name = Debug;
		};
		6012E25718E37899002D63CC /* Release */ = {
			isa = XCBuildConfiguration;
			buildSettings = {
				ALWAYS_SEARCH_USER_PATHS = NO;
				CLANG_CXX_LANGUAGE_STANDARD = "gnu++0x";
				CLANG_CXX_LIBRARY = "libc++";
				CLANG_ENABLE_MODULES = YES;
				CLANG_ENABLE_OBJC_ARC = YES;
				CLANG_WARN_BOOL_CONVERSION = YES;
				CLANG_WARN_CONSTANT_CONVERSION = YES;
				CLANG_WARN_DIRECT_OBJC_ISA_USAGE = YES_ERROR;
				CLANG_WARN_EMPTY_BODY = YES;
				CLANG_WARN_ENUM_CONVERSION = YES;
				CLANG_WARN_INT_CONVERSION = YES;
				CLANG_WARN_OBJC_ROOT_CLASS = YES_ERROR;
				CLANG_WARN__DUPLICATE_METHOD_MATCH = YES;
				"CODE_SIGN_IDENTITY[sdk=iphoneos*]" = "iPhone Developer";
				COPY_PHASE_STRIP = YES;
				ENABLE_NS_ASSERTIONS = NO;
				GCC_C_LANGUAGE_STANDARD = gnu99;
				GCC_WARN_64_TO_32_BIT_CONVERSION = YES;
				GCC_WARN_ABOUT_RETURN_TYPE = YES_ERROR;
				GCC_WARN_UNDECLARED_SELECTOR = YES;
				GCC_WARN_UNINITIALIZED_AUTOS = YES_AGGRESSIVE;
				GCC_WARN_UNUSED_FUNCTION = YES;
				GCC_WARN_UNUSED_VARIABLE = YES;
				IPHONEOS_DEPLOYMENT_TARGET = 7.1;
				SDKROOT = iphoneos;
				VALIDATE_PRODUCT = YES;
			};
			name = Release;
		};
		6012E25918E37899002D63CC /* Debug */ = {
			isa = XCBuildConfiguration;
			buildSettings = {
				ASSETCATALOG_COMPILER_APPICON_NAME = AppIcon;
				ASSETCATALOG_COMPILER_LAUNCHIMAGE_NAME = LaunchImage;
				GCC_PRECOMPILE_PREFIX_HEADER = YES;
				GCC_PREFIX_HEADER = "_15_BitsTest/_15_BitsTest-Prefix.pch";
				INFOPLIST_FILE = "_15_BitsTest/_15_BitsTest-Info.plist";
				PRODUCT_NAME = "$(TARGET_NAME)";
				WRAPPER_EXTENSION = app;
			};
			name = Debug;
		};
		6012E25A18E37899002D63CC /* Release */ = {
			isa = XCBuildConfiguration;
			buildSettings = {
				ASSETCATALOG_COMPILER_APPICON_NAME = AppIcon;
				ASSETCATALOG_COMPILER_LAUNCHIMAGE_NAME = LaunchImage;
				GCC_PRECOMPILE_PREFIX_HEADER = YES;
				GCC_PREFIX_HEADER = "_15_BitsTest/_15_BitsTest-Prefix.pch";
				INFOPLIST_FILE = "_15_BitsTest/_15_BitsTest-Info.plist";
				PRODUCT_NAME = "$(TARGET_NAME)";
				WRAPPER_EXTENSION = app;
			};
			name = Release;
		};
		6012E25C18E37899002D63CC /* Debug */ = {
			isa = XCBuildConfiguration;
			buildSettings = {
				BUNDLE_LOADER = "$(BUILT_PRODUCTS_DIR)/_15_BitsTest.app/_15_BitsTest";
				FRAMEWORK_SEARCH_PATHS = (
					"$(SDKROOT)/Developer/Library/Frameworks",
					"$(inherited)",
					"$(DEVELOPER_FRAMEWORKS_DIR)",
				);
				GCC_PRECOMPILE_PREFIX_HEADER = YES;
				GCC_PREFIX_HEADER = "_15_BitsTest/_15_BitsTest-Prefix.pch";
				GCC_PREPROCESSOR_DEFINITIONS = (
					"DEBUG=1",
					"$(inherited)",
				);
				INFOPLIST_FILE = "_15_BitsTestTests/_15_BitsTestTests-Info.plist";
				PRODUCT_NAME = "$(TARGET_NAME)";
				TEST_HOST = "$(BUNDLE_LOADER)";
				WRAPPER_EXTENSION = xctest;
			};
			name = Debug;
		};
		6012E25D18E37899002D63CC /* Release */ = {
			isa = XCBuildConfiguration;
			buildSettings = {
				BUNDLE_LOADER = "$(BUILT_PRODUCTS_DIR)/_15_BitsTest.app/_15_BitsTest";
				FRAMEWORK_SEARCH_PATHS = (
					"$(SDKROOT)/Developer/Library/Frameworks",
					"$(inherited)",
					"$(DEVELOPER_FRAMEWORKS_DIR)",
				);
				GCC_PRECOMPILE_PREFIX_HEADER = YES;
				GCC_PREFIX_HEADER = "_15_BitsTest/_15_BitsTest-Prefix.pch";
				INFOPLIST_FILE = "_15_BitsTestTests/_15_BitsTestTests-Info.plist";
				PRODUCT_NAME = "$(TARGET_NAME)";
				TEST_HOST = "$(BUNDLE_LOADER)";
				WRAPPER_EXTENSION = xctest;
			};
			name = Release;
		};
/* End XCBuildConfiguration section */

/* Begin XCConfigurationList section */
		6012E22718E37898002D63CC /* Build configuration list for PBXProject "_15_BitsTest" */ = {
			isa = XCConfigurationList;
			buildConfigurations = (
				6012E25618E37899002D63CC /* Debug */,
				6012E25718E37899002D63CC /* Release */,
			);
			defaultConfigurationIsVisible = 0;
			defaultConfigurationName = Release;
		};
		6012E25818E37899002D63CC /* Build configuration list for PBXNativeTarget "_15_BitsTest" */ = {
			isa = XCConfigurationList;
			buildConfigurations = (
				6012E25918E37899002D63CC /* Debug */,
				6012E25A18E37899002D63CC /* Release */,
			);
			defaultConfigurationIsVisible = 0;
		};
		6012E25B18E37899002D63CC /* Build configuration list for PBXNativeTarget "_15_BitsTestTests" */ = {
			isa = XCConfigurationList;
			buildConfigurations = (
				6012E25C18E37899002D63CC /* Debug */,
				6012E25D18E37899002D63CC /* Release */,
			);
			defaultConfigurationIsVisible = 0;
		};
/* End XCConfigurationList section */
	};
	rootObject = 6012E22418E37898002D63CC /* Project object */;
}
